
Microsoft Visual Studio Solution File, Format Version 12.00
# Visual Studio Version 16
VisualStudioVersion = 16.0.32407.337
MinimumVisualStudioVersion = 10.0.40219.1
Project("{9A19103F-16F7-4668-BE54-9A1E7A4F7556}") = "KampIntro", "KampIntro\KampIntro.csproj", "{BAA54337-BA49-4A9B-9BD8-4D2825F36A8B}"
EndProject
Project("{9A19103F-16F7-4668-BE54-9A1E7A4F7556}") = "Donguler", "Donguler\Donguler.csproj", "{FB64AA90-EA18-46B3-9FCF-21F9BAACD60E}"
EndProject
Project("{9A19103F-16F7-4668-BE54-9A1E7A4F7556}") = "ClassIntro", "ClassIntro\ClassIntro.csproj", "{7A85C922-CB7B-4645-A9EA-7623F0242B51}"
EndProject
Project("{9A19103F-16F7-4668-BE54-9A1E7A4F7556}") = "Odev1", "Odev1\Odev1.csproj", "{080C2437-6376-4527-B486-885D467B7269}"
EndProject
Project("{9A19103F-16F7-4668-BE54-9A1E7A4F7556}") = "Metotlar", "Metotlar\Metotlar.csproj", "{5809BEC1-E29F-4F1E-8549-E4F443593F06}"
EndProject
Project("{9A19103F-16F7-4668-BE54-9A1E7A4F7556}") = "Matematik", "Matematik\Matematik.csproj", "{9F39E304-BD3C-48A0-B105-550CB5783EF3}"
EndProject
Project("{9A19103F-16F7-4668-BE54-9A1E7A4F7556}") = "DegerVeReferansTipler", "DegerVeReferansTipler\DegerVeReferansTipler.csproj", "{4749A707-6602-49A9-9A67-61EB0732F996}"
EndProject
Project("{9A19103F-16F7-4668-BE54-9A1E7A4F7556}") = "ClassMetotDemo", "ClassMetotDemo\ClassMetotDemo.csproj", "{2DE87EC0-1E99-4336-A349-745D0A2BB713}"
EndProject
Project("{9A19103F-16F7-4668-BE54-9A1E7A4F7556}") = "OOP1", "OOP1\OOP1.csproj", "{6C0E8900-48A9-4BC7-8101-638822948AE8}"
EndProject
Project("{9A19103F-16F7-4668-BE54-9A1E7A4F7556}") = "Koleksiyonlar", "Koleksiyonlar\Koleksiyonlar.csproj", "{BAC0C951-6FE4-420F-8830-23C646C56C63}"
EndProject
Project("{9A19103F-16F7-4668-BE54-9A1E7A4F7556}") = "GenericsIntro", "GenericsIntro\GenericsIntro.csproj", "{0EAAA80E-00A8-4417-9F0D-0BB4852435F3}"
EndProject
Project("{9A19103F-16F7-4668-BE54-9A1E7A4F7556}") = "Oop2", "Oop2\Oop2.csproj", "{D20FB6F3-E2D2-42DB-94BD-99C31385B2C7}"
EndProject
Project("{9A19103F-16F7-4668-BE54-9A1E7A4F7556}") = "Oop3", "Oop3\Oop3.csproj", "{7403E0D6-39FC-4763-B910-D6785563E781}"
EndProject
Project("{9A19103F-16F7-4668-BE54-9A1E7A4F7556}") = "InterfaceAbstractDemo", "InterfaceAbstractDemo\InterfaceAbstractDemo.csproj", "{9327BA44-AD54-42B5-81FE-2F47FBA9D70B}"
EndProject
Project("{FAE04EC0-301F-11D3-BF4B-00C04F79EFBC}") = "GameProjectDemo", "GameProjectDemo\GameProjectDemo.csproj", "{65A675E9-91CA-4006-B9C1-4B13231B7194}"
EndProject
Global
	GlobalSection(SolutionConfigurationPlatforms) = preSolution
		Debug|Any CPU = Debug|Any CPU
		Release|Any CPU = Release|Any CPU
	EndGlobalSection
	GlobalSection(ProjectConfigurationPlatforms) = postSolution
		{BAA54337-BA49-4A9B-9BD8-4D2825F36A8B}.Debug|Any CPU.ActiveCfg = Debug|Any CPU
		{BAA54337-BA49-4A9B-9BD8-4D2825F36A8B}.Debug|Any CPU.Build.0 = Debug|Any CPU
		{BAA54337-BA49-4A9B-9BD8-4D2825F36A8B}.Release|Any CPU.ActiveCfg = Release|Any CPU
		{BAA54337-BA49-4A9B-9BD8-4D2825F36A8B}.Release|Any CPU.Build.0 = Release|Any CPU
		{FB64AA90-EA18-46B3-9FCF-21F9BAACD60E}.Debug|Any CPU.ActiveCfg = Debug|Any CPU
		{FB64AA90-EA18-46B3-9FCF-21F9BAACD60E}.Debug|Any CPU.Build.0 = Debug|Any CPU
		{FB64AA90-EA18-46B3-9FCF-21F9BAACD60E}.Release|Any CPU.ActiveCfg = Release|Any CPU
		{FB64AA90-EA18-46B3-9FCF-21F9BAACD60E}.Release|Any CPU.Build.0 = Release|Any CPU
		{7A85C922-CB7B-4645-A9EA-7623F0242B51}.Debug|Any CPU.ActiveCfg = Debug|Any CPU
		{7A85C922-CB7B-4645-A9EA-7623F0242B51}.Debug|Any CPU.Build.0 = Debug|Any CPU
		{7A85C922-CB7B-4645-A9EA-7623F0242B51}.Release|Any CPU.ActiveCfg = Release|Any CPU
		{7A85C922-CB7B-4645-A9EA-7623F0242B51}.Release|Any CPU.Build.0 = Release|Any CPU
		{080C2437-6376-4527-B486-885D467B7269}.Debug|Any CPU.ActiveCfg = Debug|Any CPU
		{080C2437-6376-4527-B486-885D467B7269}.Debug|Any CPU.Build.0 = Debug|Any CPU
		{080C2437-6376-4527-B486-885D467B7269}.Release|Any CPU.ActiveCfg = Release|Any CPU
		{080C2437-6376-4527-B486-885D467B7269}.Release|Any CPU.Build.0 = Release|Any CPU
		{5809BEC1-E29F-4F1E-8549-E4F443593F06}.Debug|Any CPU.ActiveCfg = Debug|Any CPU
		{5809BEC1-E29F-4F1E-8549-E4F443593F06}.Debug|Any CPU.Build.0 = Debug|Any CPU
		{5809BEC1-E29F-4F1E-8549-E4F443593F06}.Release|Any CPU.ActiveCfg = Release|Any CPU
		{5809BEC1-E29F-4F1E-8549-E4F443593F06}.Release|Any CPU.Build.0 = Release|Any CPU
		{9F39E304-BD3C-48A0-B105-550CB5783EF3}.Debug|Any CPU.ActiveCfg = Debug|Any CPU
		{9F39E304-BD3C-48A0-B105-550CB5783EF3}.Debug|Any CPU.Build.0 = Debug|Any CPU
		{9F39E304-BD3C-48A0-B105-550CB5783EF3}.Release|Any CPU.ActiveCfg = Release|Any CPU
		{9F39E304-BD3C-48A0-B105-550CB5783EF3}.Release|Any CPU.Build.0 = Release|Any CPU
		{4749A707-6602-49A9-9A67-61EB0732F996}.Debug|Any CPU.ActiveCfg = Debug|Any CPU
		{4749A707-6602-49A9-9A67-61EB0732F996}.Debug|Any CPU.Build.0 = Debug|Any CPU
		{4749A707-6602-49A9-9A67-61EB0732F996}.Release|Any CPU.ActiveCfg = Release|Any CPU
		{4749A707-6602-49A9-9A67-61EB0732F996}.Release|Any CPU.Build.0 = Release|Any CPU
		{2DE87EC0-1E99-4336-A349-745D0A2BB713}.Debug|Any CPU.ActiveCfg = Debug|Any CPU
		{2DE87EC0-1E99-4336-A349-745D0A2BB713}.Debug|Any CPU.Build.0 = Debug|Any CPU
		{2DE87EC0-1E99-4336-A349-745D0A2BB713}.Release|Any CPU.ActiveCfg = Release|Any CPU
		{2DE87EC0-1E99-4336-A349-745D0A2BB713}.Release|Any CPU.Build.0 = Release|Any CPU
		{6C0E8900-48A9-4BC7-8101-638822948AE8}.Debug|Any CPU.ActiveCfg = Debug|Any CPU
		{6C0E8900-48A9-4BC7-8101-638822948AE8}.Debug|Any CPU.Build.0 = Debug|Any CPU
		{6C0E8900-48A9-4BC7-8101-638822948AE8}.Release|Any CPU.ActiveCfg = Release|Any CPU
		{6C0E8900-48A9-4BC7-8101-638822948AE8}.Release|Any CPU.Build.0 = Release|Any CPU
		{BAC0C951-6FE4-420F-8830-23C646C56C63}.Debug|Any CPU.ActiveCfg = Debug|Any CPU
		{BAC0C951-6FE4-420F-8830-23C646C56C63}.Debug|Any CPU.Build.0 = Debug|Any CPU
		{BAC0C951-6FE4-420F-8830-23C646C56C63}.Release|Any CPU.ActiveCfg = Release|Any CPU
		{BAC0C951-6FE4-420F-8830-23C646C56C63}.Release|Any CPU.Build.0 = Release|Any CPU
		{0EAAA80E-00A8-4417-9F0D-0BB4852435F3}.Debug|Any CPU.ActiveCfg = Debug|Any CPU
		{0EAAA80E-00A8-4417-9F0D-0BB4852435F3}.Debug|Any CPU.Build.0 = Debug|Any CPU
		{0EAAA80E-00A8-4417-9F0D-0BB4852435F3}.Release|Any CPU.ActiveCfg = Release|Any CPU
		{0EAAA80E-00A8-4417-9F0D-0BB4852435F3}.Release|Any CPU.Build.0 = Release|Any CPU
		{D20FB6F3-E2D2-42DB-94BD-99C31385B2C7}.Debug|Any CPU.ActiveCfg = Debug|Any CPU
		{D20FB6F3-E2D2-42DB-94BD-99C31385B2C7}.Debug|Any CPU.Build.0 = Debug|Any CPU
		{D20FB6F3-E2D2-42DB-94BD-99C31385B2C7}.Release|Any CPU.ActiveCfg = Release|Any CPU
		{D20FB6F3-E2D2-42DB-94BD-99C31385B2C7}.Release|Any CPU.Build.0 = Release|Any CPU
		{7403E0D6-39FC-4763-B910-D6785563E781}.Debug|Any CPU.ActiveCfg = Debug|Any CPU
		{7403E0D6-39FC-4763-B910-D6785563E781}.Debug|Any CPU.Build.0 = Debug|Any CPU
		{7403E0D6-39FC-4763-B910-D6785563E781}.Release|Any CPU.ActiveCfg = Release|Any CPU
		{7403E0D6-39FC-4763-B910-D6785563E781}.Release|Any CPU.Build.0 = Release|Any CPU
		{9327BA44-AD54-42B5-81FE-2F47FBA9D70B}.Debug|Any CPU.ActiveCfg = Debug|Any CPU
		{9327BA44-AD54-42B5-81FE-2F47FBA9D70B}.Debug|Any CPU.Build.0 = Debug|Any CPU
		{9327BA44-AD54-42B5-81FE-2F47FBA9D70B}.Release|Any CPU.ActiveCfg = Release|Any CPU
		{9327BA44-AD54-42B5-81FE-2F47FBA9D70B}.Release|Any CPU.Build.0 = Release|Any CPU
		{65A675E9-91CA-4006-B9C1-4B13231B7194}.Debug|Any CPU.ActiveCfg = Debug|Any CPU
		{65A675E9-91CA-4006-B9C1-4B13231B7194}.Debug|Any CPU.Build.0 = Debug|Any CPU
		{65A675E9-91CA-4006-B9C1-4B13231B7194}.Release|Any CPU.ActiveCfg = Release|Any CPU
		{65A675E9-91CA-4006-B9C1-4B13231B7194}.Release|Any CPU.Build.0 = Release|Any CPU
	EndGlobalSection
	GlobalSection(SolutionProperties) = preSolution
		HideSolutionNode = FALSE
	EndGlobalSection
	GlobalSection(ExtensibilityGlobals) = postSolution
		SolutionGuid = {603E28BA-AD52-4DA3-A518-6253E5941B5C}
	EndGlobalSection
EndGlobal
